# This file is automatically @generated by Cargo.
# It is not intended for manual editing.
version = 4

[[package]]
name = "bumpalo"
version = "3.20.2"
source = "registry+https://github.com/rust-lang/crates.io-index"
checksum = "5d20789868f4b01b2f2caec9f5c4e0213b41e3e5702a50157d699ae31ced2fcb"

[[package]]
name = "bytemuck"
version = "1.25.0"
source = "registry+https://github.com/rust-lang/crates.io-index"
checksum = "c8efb64bd706a16a1bdde310ae86b351e4d21550d98d056f22f8a7f7a2183fec"
dependencies = [
 "bytemuck_derive",
]

[[package]]
name = "bytemuck_derive"
version = "1.10.2"
source = "registry+https://github.com/rust-lang/crates.io-index"
checksum = "f9abbd1bc6865053c427f7198e6af43bfdedc55ab791faed4fbd361d789575ff"
dependencies = [
 "proc-macro2",
 "quote",
 "syn",
]

[[package]]
name = "cfg-if"
version = "1.0.4"
source = "registry+https://github.com/rust-lang/crates.io-index"
checksum = "9330f8b2ff13f34540b44e946ef35111825727b38d33286ef986142615121801"

[[package]]
name = "futures-core"
version = "0.3.32"
source = "registry+https://github.com/rust-lang/crates.io-index"
checksum = "7e3450815272ef58cec6d564423f6e755e25379b217b0bc688e295ba24df6b1d"

[[package]]
name = "futures-task"
version = "0.3.32"
source = "registry+https://github.com/rust-lang/crates.io-index"
checksum = "037711b3d59c33004d3856fbdc83b99d4ff37a24768fa1be9ce3538a1cde4393"

[[package]]
name = "futures-util"
version = "0.3.32"
source = "registry+https://github.com/rust-lang/crates.io-index"
checksum = "389ca41296e6190b48053de0321d02a77f32f8a5d2461dd38762c0593805c6d6"
dependencies = [
 "futures-core",
 "futures-task",
 "pin-project-lite",
 "slab",
]

[[package]]
name = "itoa"
version = "1.0.18"
source = "registry+https://github.com/rust-lang/crates.io-index"
checksum = "8f42a60cbdf9a97f5d2305f08a87dc4e09308d1276d28c869c684d7777685682"

[[package]]
name = "js-sys"
version = "0.3.103"
source = "registry+https://github.com/rust-lang/crates.io-index"
checksum = "53b44bfcdb3f8d5837a46dae1ca9660a837176eee74a28b229bc626816589102"
dependencies = [
 "cfg-if",
 "futures-util",
 "wasm-bindgen",
]

[[package]]
name = "memchr"
version = "2.8.0"
source = "registry+https://github.com/rust-lang/crates.io-index"
checksum = "f8ca58f447f06ed17d5fc4043ce1b10dd205e060fb3ce5b979b8ed8e59ff3f79"

[[package]]
name = "once_cell"
version = "1.21.4"
source = "registry+https://github.com/rust-lang/crates.io-index"
checksum = "9f7c3e4beb33f85d45ae3e3a1792185706c8e16d043238c593331cc7cd313b50"

[[package]]
name = "pin-project-lite"
version = "0.2.17"
source = "registry+https://github.com/rust-lang/crates.io-index"
checksum = "a89322df9ebe1c1578d689c92318e070967d1042b512afbe49518723f4e6d5cd"

[[package]]
name = "proc-macro2"
version = "1.0.106"
source = "registry+https://github.com/rust-lang/crates.io-index"
checksum = "8fd00f0bb2e90d81d1044c2b32617f68fcb9fa3bb7640c23e9c748e53fb30934"
dependencies = [
 "unicode-ident",
]

[[package]]
name = "quote"
version = "1.0.45"
source = "registry+https://github.com/rust-lang/crates.io-index"
checksum = "41f2619966050689382d2b44f664f4bc593e129785a36d6ee376ddf37259b924"
dependencies = [
 "proc-macro2",
]

[[package]]
name = "rustversion"
version = "1.0.22"
source = "registry+https://github.com/rust-lang/crates.io-index"
checksum = "b39cdef0fa800fc44525c84ccb54a029961a8215f9619753635a9c0d2538d46d"

[[package]]
name = "semio-framework"
version = "0.1.0"
dependencies = [
 "semio-framework-actor",
 "semio-framework-artifact-reference",
 "semio-framework-diagnostic",
 "semio-framework-dsl",
 "semio-framework-hash",
 "semio-framework-io-base64",
 "semio-framework-io-schema",
 "semio-framework-io-sqlite-snapshot",
 "semio-framework-job",
 "semio-framework-mesh-engine",
 "semio-framework-pack-json",
 "semio-framework-replication",
 "semio-framework-schema",
 "semio-framework-schema-registry",
 "semio-framework-tool-run",
 "semio-framework-trace",
 "semio-framework-ui",
 "semio-framework-ui-contract",
 "semio-framework-ui-locale",
 "semio-framework-value",
 "semio-framework-value-derive",
 "serde",
 "serde_json",
]

[[package]]
name = "semio-framework-actor"
version = "0.1.0"
dependencies = [
 "semio-framework-async",
 "semio-framework-job",
 "semio-framework-replication",
 "semio-framework-value",
 "semio-framework-value-derive",
 "serde",
 "wasm-bindgen",
]

[[package]]
name = "semio-framework-artifact-reference"
version = "0.1.0"
dependencies = [
 "semio-framework-dsl-record",
 "semio-framework-schema-registry",
 "semio-framework-value",
]

[[package]]
name = "semio-framework-async"
version = "0.1.0"
dependencies = [
 "js-sys",
 "semio-framework-trace",
 "wasm-bindgen",
]

[[package]]
name = "semio-framework-deflate"
version = "0.1.0"
dependencies = [
 "semio-framework-value",
]

[[package]]
name = "semio-framework-diagnostic"
version = "0.1.0"
dependencies = [
 "semio-framework-value",
 "serde",
 "serde_json",
]

[[package]]
name = "semio-framework-dsl"
version = "0.1.0"
dependencies = [
 "semio-framework-async",
 "semio-framework-diagnostic",
 "semio-framework-value",
]

[[package]]
name = "semio-framework-dsl-record"
version = "0.1.0"
dependencies = [
 "semio-framework-diagnostic",
 "semio-framework-dsl",
 "semio-framework-pack-json",
 "semio-framework-value",
]

[[package]]
name = "semio-framework-dsl-record-derive"
version = "0.1.0"
dependencies = [
 "proc-macro2",
 "quote",
 "syn",
]

[[package]]
name = "semio-framework-geometry"
version = "0.1.0"

[[package]]
name = "semio-framework-hash"
version = "0.1.0"

[[package]]
name = "semio-framework-io-base64"
version = "0.1.0"

[[package]]
name = "semio-framework-io-schema"
version = "0.1.0"
dependencies = [
 "semio-framework-artifact-reference",
 "semio-framework-diagnostic",
 "semio-framework-dsl-record",
 "semio-framework-schema-registry",
 "semio-framework-value",
 "semio-framework-value-derive",
]

[[package]]
name = "semio-framework-io-sqlite-snapshot"
version = "0.1.0"
dependencies = [
 "semio-framework-value",
]

[[package]]
name = "semio-framework-job"
version = "0.1.0"
dependencies = [
 "semio-framework-async",
 "semio-framework-trace",
]

[[package]]
name = "semio-framework-mesh-engine"
version = "0.1.0"
dependencies = [
 "semio-framework-dsl-record",
 "semio-framework-io-base64",
 "semio-framework-pack",
 "semio-framework-pack-json",
 "semio-framework-value-derive",
]

[[package]]
name = "semio-framework-pack"
version = "0.1.0"
dependencies = [
 "semio-framework-async",
 "semio-framework-diagnostic",
 "semio-framework-dsl-record",
 "semio-framework-hash",
 "semio-framework-pack-error",
 "semio-framework-pack-json",
 "semio-framework-replication",
 "semio-framework-value",
]

[[package]]
name = "semio-framework-pack-error"
version = "0.1.0"
dependencies = [
 "semio-framework-diagnostic",
 "semio-framework-value",
]

[[package]]
name = "semio-framework-pack-json"
version = "0.1.0"
dependencies = [
 "semio-framework-value",
]

[[package]]
name = "semio-framework-replication"
version = "0.1.0"
dependencies = [
 "semio-framework-deflate",
 "semio-framework-diagnostic",
 "semio-framework-hash",
 "semio-framework-io-base64",
 "semio-framework-pack-error",
 "semio-framework-schema-registry",
 "semio-framework-schema-state",
 "semio-framework-trace",
 "semio-framework-value",
 "semio-framework-value-derive",
 "serde",
 "serde_json",
 "wasm-bindgen",
]

[[package]]
name = "semio-framework-schema"
version = "0.1.0"
dependencies = [
 "semio-framework-async",
 "semio-framework-pack",
 "semio-framework-pack-json",
 "semio-framework-schema-composition",
 "semio-framework-schema-derive",
 "semio-framework-schema-registry",
 "semio-framework-schema-state",
 "semio-framework-schema-validator",
 "semio-framework-value",
]

[[package]]
name = "semio-framework-schema-composition"
version = "0.1.0"

[[package]]
name = "semio-framework-schema-derive"
version = "0.1.0"
dependencies = [
 "proc-macro2",
 "quote",
 "semio-framework-schema-composition",
 "semio-framework-schema-state",
 "syn",
]

[[package]]
name = "semio-framework-schema-registry"
version = "0.1.0"

[[package]]
name = "semio-framework-schema-state"
version = "0.1.0"
dependencies = [
 "semio-framework-value",
]

[[package]]
name = "semio-framework-schema-validator"
version = "0.1.0"
dependencies = [
 "semio-framework-pack",
 "semio-framework-pack-json",
 "semio-framework-value",
]

[[package]]
name = "semio-framework-tool-run"
version = "0.1.0"
dependencies = [
 "semio-framework-dsl-record",
 "semio-framework-pack",
 "semio-framework-ui",
 "semio-framework-ui-locale",
 "semio-framework-value",
 "serde",
]

[[package]]
name = "semio-framework-trace"
version = "0.1.0"

[[package]]
name = "semio-framework-ui"
version = "0.1.0"
dependencies = [
 "bytemuck",
 "semio-framework-job",
 "semio-framework-ui-contract",
 "semio-framework-ui-locale",
 "semio-framework-ui-scene",
 "semio-framework-ui-styling",
 "semio-framework-value",
 "semio-framework-value-derive",
 "serde",
 "serde_json",
]

[[package]]
name = "semio-framework-ui-contract"
version = "0.1.0"
dependencies = [
 "semio-framework-replication",
 "semio-framework-schema-registry",
 "semio-framework-ui-styling",
 "semio-framework-value",
 "semio-framework-value-derive",
 "serde",
]

[[package]]
name = "semio-framework-ui-locale"
version = "0.1.0"
dependencies = [
 "semio-framework-value",
 "semio-framework-value-derive",
 "serde",
]

[[package]]
name = "semio-framework-ui-scene"
version = "0.1.0"
dependencies = [
 "semio-framework-geometry",
 "semio-framework-pack-json",
 "semio-framework-replication",
 "semio-framework-ui-contract",
 "semio-framework-ui-viewport",
 "serde",
]

[[package]]
name = "semio-framework-ui-styling"
version = "0.1.0"

[[package]]
name = "semio-framework-ui-viewport"
version = "0.1.0"
dependencies = [
 "semio-framework-dsl-record",
 "semio-framework-value",
 "serde",
]

[[package]]
name = "semio-framework-value"
version = "0.1.0"
dependencies = [
 "semio-framework-io-base64",
 "semio-framework-value-derive",
 "serde",
 "serde_json",
]

[[package]]
name = "semio-framework-value-derive"
version = "0.1.0"
dependencies = [
 "proc-macro2",
 "quote",
 "semio-framework-hash",
 "syn",
]

[[package]]
name = "semio-s-plugin-block"
version = "0.1.0"
dependencies = [
 "semio-framework-artifact-reference",
 "semio-framework-dsl-record",
 "semio-framework-dsl-record-derive",
 "semio-framework-value",
 "serde",
 "serde_json",
]

[[package]]
name = "semio-s-plugin-block-catalog"
version = "0.1.0"
dependencies = [
 "semio-framework",
 "semio-framework-ui-locale",
 "semio-framework-value",
 "serde_json",
]

[[package]]
name = "serde"
version = "1.0.228"
source = "registry+https://github.com/rust-lang/crates.io-index"
checksum = "9a8e94ea7f378bd32cbbd37198a4a91436180c5bb472411e48b5ec2e2124ae9e"
dependencies = [
 "serde_core",
 "serde_derive",
]

[[package]]
name = "serde_core"
version = "1.0.228"
source = "registry+https://github.com/rust-lang/crates.io-index"
checksum = "41d385c7d4ca58e59fc732af25c3983b67ac852c1a25000afe1175de458b67ad"
dependencies = [
 "serde_derive",
]

[[package]]
name = "serde_derive"
version = "1.0.228"
source = "registry+https://github.com/rust-lang/crates.io-index"
checksum = "d540f220d3187173da220f885ab66608367b6574e925011a9353e4badda91d79"
dependencies = [
 "proc-macro2",
 "quote",
 "syn",
]

[[package]]
name = "serde_json"
version = "1.0.149"
source = "registry+https://github.com/rust-lang/crates.io-index"
checksum = "83fc039473c5595ace860d8c4fafa220ff474b3fc6bfdb4293327f1a37e94d86"
dependencies = [
 "itoa",
 "memchr",
 "serde",
 "serde_core",
 "zmij",
]

[[package]]
name = "slab"
version = "0.4.12"
source = "registry+https://github.com/rust-lang/crates.io-index"
checksum = "0c790de23124f9ab44544d7ac05d60440adc586479ce501c1d6d7da3cd8c9cf5"

[[package]]
name = "syn"
version = "2.0.117"
source = "registry+https://github.com/rust-lang/crates.io-index"
checksum = "e665b8803e7b1d2a727f4023456bbbbe74da67099c585258af0ad9c5013b9b99"
dependencies = [
 "proc-macro2",
 "quote",
 "unicode-ident",
]

[[package]]
name = "unicode-ident"
version = "1.0.24"
source = "registry+https://github.com/rust-lang/crates.io-index"
checksum = "e6e4313cd5fcd3dad5cafa179702e2b244f760991f45397d14d4ebf38247da75"

[[package]]
name = "wasm-bindgen"
version = "0.2.126"
source = "registry+https://github.com/rust-lang/crates.io-index"
checksum = "4b067c0c11094aef6b7a801c1e34a26affafdf3d051dba08456b868789aaf9a4"
dependencies = [
 "cfg-if",
 "once_cell",
 "rustversion",
 "wasm-bindgen-macro",
 "wasm-bindgen-shared",
]

[[package]]
name = "wasm-bindgen-macro"
version = "0.2.126"
source = "registry+https://github.com/rust-lang/crates.io-index"
checksum = "167ce5e579f6bcf889c4f7175a8a5a585de84e8ff93976ce393efa5f2837aab1"
dependencies = [
 "quote",
 "wasm-bindgen-macro-support",
]

[[package]]
name = "wasm-bindgen-macro-support"
version = "0.2.126"
source = "registry+https://github.com/rust-lang/crates.io-index"
checksum = "f3997c7839262f4ef12cf90b818d6340c18e80f263f1a94bf157d0ec4420380e"
dependencies = [
 "bumpalo",
 "proc-macro2",
 "quote",
 "syn",
 "wasm-bindgen-shared",
]

[[package]]
name = "wasm-bindgen-shared"
version = "0.2.126"
source = "registry+https://github.com/rust-lang/crates.io-index"
checksum = "dc1b4cb0cc549fcf58d7dfc081778139b3d283a081644e833e84682ad71cea24"
dependencies = [
 "unicode-ident",
]

[[package]]
name = "zmij"
version = "1.0.21"
source = "registry+https://github.com/rust-lang/crates.io-index"
checksum = "b8848ee67ecc8aedbaf3e4122217aff892639231befc6a1b58d29fff4c2cabaa"
