
Microsoft Visual Studio Solution File, Format Version 12.00
# Visual Studio Version 17
VisualStudioVersion = 17.4.33213.308
MinimumVisualStudioVersion = 10.0.40219.1
Project("{9A19103F-16F7-4668-BE54-9A1E7A4F7556}") = "Semio.UI.Grasshopper", "Semio.UI.Grasshopper.csproj", "{EA5D9079-D42A-4DA0-8AFC-5A918106765F}"
EndProject
Project("{FAE04EC0-301F-11D3-BF4B-00C04F79EFBC}") = "Semio", "..\..\packages\csharp\net48\Semio\Semio.csproj", "{BF2155EC-4293-4DA3-B7F4-2C4867BE268E}"
EndProject
Project("{9A19103F-16F7-4668-BE54-9A1E7A4F7556}") = "ConverterRhino7", "..\..\thirdparty\speckle-sharp\Objects\Converters\ConverterRhinoGh\ConverterRhino7\ConverterRhino7.csproj", "{2EE1A2A0-694D-4F5A-9166-E2C6C5E16659}"
EndProject
Project("{D954291E-2A0B-460D-934E-DC6B0785DB48}") = "ConverterRhinoGhShared", "..\..\thirdparty\speckle-sharp\Objects\Converters\ConverterRhinoGh\ConverterRhinoGhShared\ConverterRhinoGhShared.shproj", "{B74CB8C1-187B-46A6-B20B-92B8C129F3EE}"
EndProject
Global
	GlobalSection(SolutionConfigurationPlatforms) = preSolution
		Debug|Any CPU = Debug|Any CPU
		Release|Any CPU = Release|Any CPU
	EndGlobalSection
	GlobalSection(ProjectConfigurationPlatforms) = postSolution
		{EA5D9079-D42A-4DA0-8AFC-5A918106765F}.Debug|Any CPU.ActiveCfg = Debug|Any CPU
		{EA5D9079-D42A-4DA0-8AFC-5A918106765F}.Debug|Any CPU.Build.0 = Debug|Any CPU
		{EA5D9079-D42A-4DA0-8AFC-5A918106765F}.Release|Any CPU.ActiveCfg = Release|Any CPU
		{EA5D9079-D42A-4DA0-8AFC-5A918106765F}.Release|Any CPU.Build.0 = Release|Any CPU
		{BF2155EC-4293-4DA3-B7F4-2C4867BE268E}.Debug|Any CPU.ActiveCfg = Debug|Any CPU
		{BF2155EC-4293-4DA3-B7F4-2C4867BE268E}.Debug|Any CPU.Build.0 = Debug|Any CPU
		{BF2155EC-4293-4DA3-B7F4-2C4867BE268E}.Release|Any CPU.ActiveCfg = Release|Any CPU
		{BF2155EC-4293-4DA3-B7F4-2C4867BE268E}.Release|Any CPU.Build.0 = Release|Any CPU
		{2EE1A2A0-694D-4F5A-9166-E2C6C5E16659}.Debug|Any CPU.ActiveCfg = Debug|Any CPU
		{2EE1A2A0-694D-4F5A-9166-E2C6C5E16659}.Debug|Any CPU.Build.0 = Debug|Any CPU
		{2EE1A2A0-694D-4F5A-9166-E2C6C5E16659}.Release|Any CPU.ActiveCfg = Release|Any CPU
		{2EE1A2A0-694D-4F5A-9166-E2C6C5E16659}.Release|Any CPU.Build.0 = Release|Any CPU
	EndGlobalSection
	GlobalSection(SolutionProperties) = preSolution
		HideSolutionNode = FALSE
	EndGlobalSection
	GlobalSection(ExtensibilityGlobals) = postSolution
		SolutionGuid = {4387E496-9235-4DCD-BDFC-344F517D8356}
	EndGlobalSection
	GlobalSection(SharedMSBuildProjectFiles) = preSolution
		..\..\thirdparty\speckle-sharp\Objects\Converters\ConverterRhinoGh\ConverterRhinoGhShared\ConverterRhinoGhShared.projitems*{2ee1a2a0-694d-4f5a-9166-e2c6c5e16659}*SharedItemsImports = 5
		..\..\thirdparty\speckle-sharp\Objects\Converters\ConverterRhinoGh\ConverterRhinoGhShared\ConverterRhinoGhShared.projitems*{b74cb8c1-187b-46a6-b20b-92b8c129f3ee}*SharedItemsImports = 13
	EndGlobalSection
EndGlobal
