# This file is automatically @generated by Cargo.
# It is not intended for manual editing.
version = 4

[[package]]
name = "adler2"
version = "2.0.1"
source = "registry+https://github.com/rust-lang/crates.io-index"
checksum = "320119579fcad9c21884f5c4861d16174d0e06250625266f50fe6898340abefa"

[[package]]
name = "arrayref"
version = "0.3.9"
source = "registry+https://github.com/rust-lang/crates.io-index"
checksum = "76a2e8124351fda1ef8aaaa3bbd7ebbcb486bbcd4225aca0aa0d84bb2db8fecb"

[[package]]
name = "arrayvec"
version = "0.7.8"
source = "registry+https://github.com/rust-lang/crates.io-index"
checksum = "d3fb67a6e08acf24fdeccbac2cb6ac4305825bd1f117462e0e6f2f193345ad56"

[[package]]
name = "async-trait"
version = "0.1.91"
source = "registry+https://github.com/rust-lang/crates.io-index"
checksum = "ae36dc4177970ef04fde5178d3e2429882def40e57a451f919c098f72baa6cec"
dependencies = [
 "proc-macro2",
 "quote",
 "syn 3.0.3",
]

[[package]]
name = "blake3"
version = "1.8.6"
source = "registry+https://github.com/rust-lang/crates.io-index"
checksum = "76ae7bad254120e9e4c63bafc385310756f90c484eac0e36b8317cf09cb92a77"
dependencies = [
 "arrayref",
 "arrayvec",
 "cc",
 "cfg-if",
 "constant_time_eq",
 "cpufeatures",
]

[[package]]
name = "byteorder"
version = "1.5.0"
source = "registry+https://github.com/rust-lang/crates.io-index"
checksum = "1fd0f2584146f6f2ef48085050886acf353beff7305ebd1ae69500e27c67f64b"

[[package]]
name = "cc"
version = "1.4.0"
source = "registry+https://github.com/rust-lang/crates.io-index"
checksum = "5add81bb678e6cb321aff7fa0dc7689ad82b112dbc032cea19f91d6b8e3582b9"
dependencies = [
 "find-msvc-tools",
 "shlex",
]

[[package]]
name = "cfg-if"
version = "1.0.4"
source = "registry+https://github.com/rust-lang/crates.io-index"
checksum = "9330f8b2ff13f34540b44e946ef35111825727b38d33286ef986142615121801"

[[package]]
name = "constant_time_eq"
version = "0.4.2"
source = "registry+https://github.com/rust-lang/crates.io-index"
checksum = "3d52eff69cd5e647efe296129160853a42795992097e8af39800e1060caeea9b"

[[package]]
name = "cpufeatures"
version = "0.3.0"
source = "registry+https://github.com/rust-lang/crates.io-index"
checksum = "8b2a41393f66f16b0823bb79094d54ac5fbd34ab292ddafb9a0456ac9f87d201"
dependencies = [
 "libc",
]

[[package]]
name = "diff"
version = "0.1.13"
source = "registry+https://github.com/rust-lang/crates.io-index"
checksum = "56254986775e3233ffa9c4d7d3faaf6d36a2c09d30b20687e9f88bc8bafc16c8"

[[package]]
name = "fastrand"
version = "2.5.0"
source = "registry+https://github.com/rust-lang/crates.io-index"
checksum = "da7c62ceae207dd37ea5b845da6a0696c799f85e97da1ab5b7910be3c1c80223"

[[package]]
name = "find-msvc-tools"
version = "0.1.9"
source = "registry+https://github.com/rust-lang/crates.io-index"
checksum = "5baebc0774151f905a1a2cc41989300b1e6fbb29aff0ceffa1064fdd3088d582"

[[package]]
name = "futures-core"
version = "0.3.33"
source = "registry+https://github.com/rust-lang/crates.io-index"
checksum = "2cd50c473c80f6d7c3670a752354b8e569b1a7cbfdc0419ec88e5edad85e0dc7"

[[package]]
name = "futures-io"
version = "0.3.33"
source = "registry+https://github.com/rust-lang/crates.io-index"
checksum = "4577ecaa3c4f96589d473f679a71b596316f6641bc350038b962a5daf0085d7a"

[[package]]
name = "futures-lite"
version = "2.6.1"
source = "registry+https://github.com/rust-lang/crates.io-index"
checksum = "f78e10609fe0e0b3f4157ffab1876319b5b0db102a2c60dc4626306dc46b44ad"
dependencies = [
 "fastrand",
 "futures-core",
 "futures-io",
 "parking",
 "pin-project-lite",
]

[[package]]
name = "gltf"
version = "1.4.1"
source = "registry+https://github.com/rust-lang/crates.io-index"
checksum = "e3ce1918195723ce6ac74e80542c5a96a40c2b26162c1957a5cd70799b8cacf7"
dependencies = [
 "byteorder",
 "gltf-json",
 "lazy_static",
 "serde_json",
]

[[package]]
name = "gltf-derive"
version = "1.4.1"
source = "registry+https://github.com/rust-lang/crates.io-index"
checksum = "14070e711538afba5d6c807edb74bcb84e5dbb9211a3bf5dea0dfab5b24f4c51"
dependencies = [
 "inflections",
 "proc-macro2",
 "quote",
 "syn 2.0.119",
]

[[package]]
name = "gltf-json"
version = "1.4.1"
source = "registry+https://github.com/rust-lang/crates.io-index"
checksum = "e6176f9d60a7eab0a877e8e96548605dedbde9190a7ae1e80bbcc1c9af03ab14"
dependencies = [
 "gltf-derive",
 "serde",
 "serde_derive",
 "serde_json",
]

[[package]]
name = "inflections"
version = "1.1.1"
source = "registry+https://github.com/rust-lang/crates.io-index"
checksum = "a257582fdcde896fd96463bf2d40eefea0580021c0712a0e2b028b60b47a837a"

[[package]]
name = "itoa"
version = "1.0.18"
source = "registry+https://github.com/rust-lang/crates.io-index"
checksum = "8f42a60cbdf9a97f5d2305f08a87dc4e09308d1276d28c869c684d7777685682"

[[package]]
name = "lazy_static"
version = "1.5.0"
source = "registry+https://github.com/rust-lang/crates.io-index"
checksum = "bbd2bcb4c963f2ddae06a2efc7e9f3591312473c50c6685e1f298068316e66fe"

[[package]]
name = "libc"
version = "0.2.189"
source = "registry+https://github.com/rust-lang/crates.io-index"
checksum = "3eaf3ede3fee6db1a4c2ee091bf8a8b4dccdc6d17f656fb07896ee72867612f2"

[[package]]
name = "memchr"
version = "2.8.3"
source = "registry+https://github.com/rust-lang/crates.io-index"
checksum = "cf8baf1c55e62ffcace7a9f06f4bd9cd3f0c4beb022d3b367256b91b87513d98"

[[package]]
name = "miniz_oxide"
version = "0.8.9"
source = "registry+https://github.com/rust-lang/crates.io-index"
checksum = "1fa76a2c86f704bdb222d66965fb3d63269ce38518b83cb0575fca855ebb6316"
dependencies = [
 "adler2",
]

[[package]]
name = "parking"
version = "2.2.1"
source = "registry+https://github.com/rust-lang/crates.io-index"
checksum = "f38d5652c16fde515bb1ecef450ab0f6a219d619a7274976324d5e377f7dceba"

[[package]]
name = "pin-project-lite"
version = "0.2.17"
source = "registry+https://github.com/rust-lang/crates.io-index"
checksum = "a89322df9ebe1c1578d689c92318e070967d1042b512afbe49518723f4e6d5cd"

[[package]]
name = "pretty_assertions"
version = "1.4.1"
source = "registry+https://github.com/rust-lang/crates.io-index"
checksum = "3ae130e2f271fbc2ac3a40fb1d07180839cdbbe443c7a27e1e3c13c5cac0116d"
dependencies = [
 "diff",
 "yansi",
]

[[package]]
name = "proc-macro2"
version = "1.0.107"
source = "registry+https://github.com/rust-lang/crates.io-index"
checksum = "985e7ec9bb745e6ce6535b544d84d6cd6f7ad8bd711c398938ae983b91a766d9"
dependencies = [
 "unicode-ident",
]

[[package]]
name = "quote"
version = "1.0.47"
source = "registry+https://github.com/rust-lang/crates.io-index"
checksum = "1fbf4db142a473a8d80c26bbf18454ed458bf8d26c8219c331daecfdbd079001"
dependencies = [
 "proc-macro2",
]

[[package]]
name = "semio-framework-core"
version = "0.1.0"
dependencies = [
 "gltf",
 "pretty_assertions",
 "semio-framework-hash",
 "semio-framework-os-kernel-dsl",
 "semio-framework-os-kernel-protocol",
 "semio-framework-os-kernel-protocol-core",
 "semio-framework-ui-wgpu",
 "serde",
 "serde_json",
 "thiserror",
 "ts-rs",
]

[[package]]
name = "semio-framework-hash"
version = "0.1.0"
dependencies = [
 "blake3",
]

[[package]]
name = "semio-framework-os-kernel-dsl"
version = "0.1.0"
dependencies = [
 "semio-framework-os-kernel-dsl-core",
 "semio-framework-os-kernel-dsl-derive",
 "semio-framework-os-kernel-dsl-schema",
 "semio-framework-os-kernel-pack",
 "semio-framework-os-kernel-protocol",
 "semio-framework-os-kernel-semio",
 "serde_json",
]

[[package]]
name = "semio-framework-os-kernel-dsl-core"
version = "0.1.0"
dependencies = [
 "serde",
 "serde_json",
 "thiserror",
]

[[package]]
name = "semio-framework-os-kernel-dsl-derive"
version = "0.1.0"
dependencies = [
 "proc-macro2",
 "quote",
 "syn 2.0.119",
]

[[package]]
name = "semio-framework-os-kernel-dsl-notation"
version = "0.1.0"
dependencies = [
 "semio-framework-os-kernel-dsl-core",
]

[[package]]
name = "semio-framework-os-kernel-dsl-schema"
version = "0.1.0"
dependencies = [
 "semio-framework-os-kernel-dsl-core",
 "semio-framework-os-kernel-dsl-notation",
 "serde",
]

[[package]]
name = "semio-framework-os-kernel-pack"
version = "0.1.0"
dependencies = [
 "semio-framework-os-kernel-dsl-schema",
 "semio-framework-os-kernel-pack-async",
 "semio-framework-os-kernel-pack-core",
 "semio-framework-os-kernel-pack-format",
 "semio-framework-os-kernel-pack-http",
 "semio-framework-os-kernel-pack-index",
 "semio-framework-os-kernel-pack-io",
 "semio-framework-os-kernel-pack-value",
]

[[package]]
name = "semio-framework-os-kernel-pack-async"
version = "0.1.0"
dependencies = [
 "async-trait",
 "futures-lite",
 "semio-framework-os-kernel-pack-core",
 "semio-framework-os-kernel-pack-format",
]

[[package]]
name = "semio-framework-os-kernel-pack-core"
version = "0.1.0"
dependencies = [
 "semio-framework-os-kernel-dsl-core",
 "thiserror",
]

[[package]]
name = "semio-framework-os-kernel-pack-format"
version = "0.1.0"
dependencies = [
 "blake3",
 "miniz_oxide",
 "semio-framework-os-kernel-pack-core",
]

[[package]]
name = "semio-framework-os-kernel-pack-http"
version = "0.1.0"
dependencies = [
 "async-trait",
 "semio-framework-os-kernel-pack-async",
 "semio-framework-os-kernel-pack-core",
 "semio-framework-os-kernel-pack-format",
]

[[package]]
name = "semio-framework-os-kernel-pack-index"
version = "0.1.0"
dependencies = [
 "semio-framework-os-kernel-pack-core",
 "semio-framework-os-kernel-pack-format",
 "semio-framework-os-kernel-pack-value",
]

[[package]]
name = "semio-framework-os-kernel-pack-io"
version = "0.1.0"
dependencies = [
 "semio-framework-os-kernel-pack-core",
 "semio-framework-os-kernel-pack-format",
]

[[package]]
name = "semio-framework-os-kernel-pack-value"
version = "0.1.0"
dependencies = [
 "blake3",
 "semio-framework-os-kernel-dsl-schema",
 "semio-framework-os-kernel-pack-core",
 "semio-framework-os-kernel-pack-format",
]

[[package]]
name = "semio-framework-os-kernel-protocol"
version = "0.1.0"
dependencies = [
 "semio-framework-os-kernel-protocol-causal",
 "semio-framework-os-kernel-protocol-channel",
 "semio-framework-os-kernel-protocol-command",
 "semio-framework-os-kernel-protocol-core",
 "semio-framework-os-kernel-protocol-crdt",
 "semio-framework-os-kernel-protocol-format",
 "semio-framework-os-kernel-protocol-history",
 "semio-framework-os-kernel-protocol-io",
 "semio-framework-os-kernel-protocol-materialize",
 "semio-framework-os-kernel-protocol-wire",
]

[[package]]
name = "semio-framework-os-kernel-protocol-causal"
version = "0.1.0"
dependencies = [
 "semio-framework-os-kernel-protocol-command",
 "semio-framework-os-kernel-protocol-core",
 "serde",
 "serde_json",
]

[[package]]
name = "semio-framework-os-kernel-protocol-channel"
version = "0.1.0"
dependencies = [
 "semio-framework-os-kernel-protocol-causal",
 "semio-framework-os-kernel-protocol-core",
]

[[package]]
name = "semio-framework-os-kernel-protocol-command"
version = "0.1.0"
dependencies = [
 "blake3",
 "semio-framework-os-kernel-dsl-core",
 "semio-framework-os-kernel-protocol-core",
 "serde",
 "serde_json",
]

[[package]]
name = "semio-framework-os-kernel-protocol-core"
version = "0.1.0"
dependencies = [
 "semio-framework-os-kernel-dsl-core",
 "semio-framework-os-kernel-pack-core",
 "serde",
 "thiserror",
]

[[package]]
name = "semio-framework-os-kernel-protocol-crdt"
version = "0.1.0"
dependencies = [
 "semio-framework-os-kernel-protocol-command",
 "semio-framework-os-kernel-protocol-core",
]

[[package]]
name = "semio-framework-os-kernel-protocol-format"
version = "0.1.0"
dependencies = [
 "blake3",
 "semio-framework-os-kernel-pack-core",
 "semio-framework-os-kernel-pack-format",
 "semio-framework-os-kernel-protocol-core",
]

[[package]]
name = "semio-framework-os-kernel-protocol-history"
version = "0.1.0"
dependencies = [
 "semio-framework-os-kernel-dsl-core",
 "semio-framework-os-kernel-dsl-schema",
 "semio-framework-os-kernel-pack-core",
 "semio-framework-os-kernel-protocol-core",
 "semio-framework-os-kernel-protocol-format",
]

[[package]]
name = "semio-framework-os-kernel-protocol-io"
version = "0.1.0"
dependencies = [
 "semio-framework-os-kernel-pack-core",
 "semio-framework-os-kernel-pack-io",
 "semio-framework-os-kernel-protocol-core",
 "semio-framework-os-kernel-protocol-format",
 "semio-framework-os-kernel-protocol-history",
]

[[package]]
name = "semio-framework-os-kernel-protocol-materialize"
version = "0.1.0"
dependencies = [
 "semio-framework-os-kernel-pack-core",
 "semio-framework-os-kernel-protocol-core",
 "semio-framework-os-kernel-protocol-format",
 "semio-framework-os-kernel-protocol-history",
]

[[package]]
name = "semio-framework-os-kernel-protocol-wire"
version = "0.1.0"
dependencies = [
 "semio-framework-os-kernel-protocol-causal",
 "semio-framework-os-kernel-protocol-command",
 "semio-framework-os-kernel-protocol-core",
]

[[package]]
name = "semio-framework-os-kernel-semio"
version = "0.1.0"
dependencies = [
 "thiserror",
]

[[package]]
name = "semio-framework-ui"
version = "0.1.0"
dependencies = [
 "semio-framework-os-kernel-dsl",
 "semio-framework-ui-styling",
 "serde",
 "serde_json",
 "ts-rs",
]

[[package]]
name = "semio-framework-ui-styling"
version = "0.1.0"

[[package]]
name = "semio-framework-ui-wgpu"
version = "0.1.0"
dependencies = [
 "semio-framework-ui",
]

[[package]]
name = "serde"
version = "1.0.229"
source = "registry+https://github.com/rust-lang/crates.io-index"
checksum = "4148590afebada386688f18773da617792bf2ef03ffc1e4cbd2b1d45b023e0ba"
dependencies = [
 "serde_core",
 "serde_derive",
]

[[package]]
name = "serde_core"
version = "1.0.229"
source = "registry+https://github.com/rust-lang/crates.io-index"
checksum = "67dca2c9c51e58a4791a4b1ed58308b39c64224d349a935ab5039aa360942a48"
dependencies = [
 "serde_derive",
]

[[package]]
name = "serde_derive"
version = "1.0.229"
source = "registry+https://github.com/rust-lang/crates.io-index"
checksum = "e7a5d71263a5a7d47b41f6b3f06ba276f10cc18b0931f1799f710578e2309348"
dependencies = [
 "proc-macro2",
 "quote",
 "syn 3.0.3",
]

[[package]]
name = "serde_json"
version = "1.0.151"
source = "registry+https://github.com/rust-lang/crates.io-index"
checksum = "c841b55ecdae098c80dcae9cf767f6f8a0c2cdb3416bbef72181df4d0fe73f14"
dependencies = [
 "itoa",
 "memchr",
 "serde",
 "serde_core",
 "zmij",
]

[[package]]
name = "shlex"
version = "2.0.1"
source = "registry+https://github.com/rust-lang/crates.io-index"
checksum = "f8fadd59c855ef2080decdef8ff161eb6661b86933c9d82e5ba29dc602a55aba"

[[package]]
name = "syn"
version = "2.0.119"
source = "registry+https://github.com/rust-lang/crates.io-index"
checksum = "872831b642d1a07999a962a351ed35b955ea2cfc8f3862091e2a240a84f17297"
dependencies = [
 "proc-macro2",
 "quote",
 "unicode-ident",
]

[[package]]
name = "syn"
version = "3.0.3"
source = "registry+https://github.com/rust-lang/crates.io-index"
checksum = "53e9bae58849f64dfa4f5d5ae372c8341f7305f82a3868709269343628b659a3"
dependencies = [
 "proc-macro2",
 "quote",
 "unicode-ident",
]

[[package]]
name = "termcolor"
version = "1.4.1"
source = "registry+https://github.com/rust-lang/crates.io-index"
checksum = "06794f8f6c5c898b3275aebefa6b8a1cb24cd2c6c79397ab15774837a0bc5755"
dependencies = [
 "winapi-util",
]

[[package]]
name = "thiserror"
version = "2.0.19"
source = "registry+https://github.com/rust-lang/crates.io-index"
checksum = "09a43598840e33d5b0331f38c5e30d13bb11c11210a4b58f0d9b18a5a5eefcd9"
dependencies = [
 "thiserror-impl",
]

[[package]]
name = "thiserror-impl"
version = "2.0.19"
source = "registry+https://github.com/rust-lang/crates.io-index"
checksum = "43cbfe0cf76104d42a574802844187e84a305e531ed54455f11fbde0f10541cd"
dependencies = [
 "proc-macro2",
 "quote",
 "syn 3.0.3",
]

[[package]]
name = "ts-rs"
version = "10.1.0"
source = "registry+https://github.com/rust-lang/crates.io-index"
checksum = "e640d9b0964e9d39df633548591090ab92f7a4567bc31d3891af23471a3365c6"
dependencies = [
 "lazy_static",
 "thiserror",
 "ts-rs-macros",
]

[[package]]
name = "ts-rs-macros"
version = "10.1.0"
source = "registry+https://github.com/rust-lang/crates.io-index"
checksum = "0e9d8656589772eeec2cf7a8264d9cda40fb28b9bc53118ceb9e8c07f8f38730"
dependencies = [
 "proc-macro2",
 "quote",
 "syn 2.0.119",
 "termcolor",
]

[[package]]
name = "unicode-ident"
version = "1.0.24"
source = "registry+https://github.com/rust-lang/crates.io-index"
checksum = "e6e4313cd5fcd3dad5cafa179702e2b244f760991f45397d14d4ebf38247da75"

[[package]]
name = "winapi-util"
version = "0.1.11"
source = "registry+https://github.com/rust-lang/crates.io-index"
checksum = "c2a7b1c03c876122aa43f3020e6c3c3ee5c05081c9a00739faf7503aeba10d22"
dependencies = [
 "windows-sys",
]

[[package]]
name = "windows-link"
version = "0.2.1"
source = "registry+https://github.com/rust-lang/crates.io-index"
checksum = "f0805222e57f7521d6a62e36fa9163bc891acd422f971defe97d64e70d0a4fe5"

[[package]]
name = "windows-sys"
version = "0.61.2"
source = "registry+https://github.com/rust-lang/crates.io-index"
checksum = "ae137229bcbd6cdf0f7b80a31df61766145077ddf49416a728b02cb3921ff3fc"
dependencies = [
 "windows-link",
]

[[package]]
name = "yansi"
version = "1.0.1"
source = "registry+https://github.com/rust-lang/crates.io-index"
checksum = "cfe53a6657fd280eaa890a3bc59152892ffa3e30101319d168b781ed6529b049"

[[package]]
name = "zmij"
version = "1.0.23"
source = "registry+https://github.com/rust-lang/crates.io-index"
checksum = "29666d0abbfad1e3dc4dcf6144730dd3a3ab225bbbdac83319345b1b44ccfc1b"
