
Microsoft Visual Studio Solution File, Format Version 12.00
# Visual Studio Version 17
VisualStudioVersion = 17.4.33213.308
MinimumVisualStudioVersion = 10.0.40219.1
Project("{9A19103F-16F7-4668-BE54-9A1E7A4F7556}") = "Semio.UI.Grasshopper", "Semio.UI.Grasshopper.csproj", "{EA5D9079-D42A-4DA0-8AFC-5A918106765F}"
EndProject
Global
	GlobalSection(SolutionConfigurationPlatforms) = preSolution
		Debug|Any CPU = Debug|Any CPU
		Release|Any CPU = Release|Any CPU
	EndGlobalSection
	GlobalSection(ProjectConfigurationPlatforms) = postSolution
		{EA5D9079-D42A-4DA0-8AFC-5A918106765F}.Debug|Any CPU.ActiveCfg = Debug|Any CPU
		{EA5D9079-D42A-4DA0-8AFC-5A918106765F}.Debug|Any CPU.Build.0 = Debug|Any CPU
		{EA5D9079-D42A-4DA0-8AFC-5A918106765F}.Release|Any CPU.ActiveCfg = Release|Any CPU
		{EA5D9079-D42A-4DA0-8AFC-5A918106765F}.Release|Any CPU.Build.0 = Release|Any CPU
	EndGlobalSection
	GlobalSection(SolutionProperties) = preSolution
		HideSolutionNode = FALSE
	EndGlobalSection
	GlobalSection(ExtensibilityGlobals) = postSolution
		SolutionGuid = {4387E496-9235-4DCD-BDFC-344F517D8356}
	EndGlobalSection
EndGlobal
