Microsoft Visual Studio Solution File, Format Version 12.00
# Visual Studio Version 17
VisualStudioVersion = 17.5.2.0
MinimumVisualStudioVersion = 10.0.40219.1
Project("{2150E333-8FDC-42A3-9474-1A3956D46DE8}") = "semio", "semio", "{0DEAB020-39F9-532E-810A-46C64D072758}"
EndProject
Project("{2150E333-8FDC-42A3-9474-1A3956D46DE8}") = "gh", "gh", "{68A29C68-D969-75E5-C68A-C0EAD8C3FC26}"
EndProject
Project("{FAE04EC0-301F-11D3-BF4B-00C04F79EFBC}") = "Semio.Grasshopper", "semio\gh\Semio.Grasshopper\Semio.Grasshopper.csproj", "{A86B2F57-B913-28C1-F6AD-523B91A20C1A}"
EndProject
Project("{FAE04EC0-301F-11D3-BF4B-00C04F79EFBC}") = "Semio.Grasshopper.Tests", "semio\gh\Semio.Grasshopper.Tests\Semio.Grasshopper.Tests.csproj", "{2B99F003-D8B5-7088-E9EC-B67327B6BCB6}"
EndProject
Project("{2150E333-8FDC-42A3-9474-1A3956D46DE8}") = "net", "net", "{F068EEA4-7E6C-51C0-5D44-CEAA40C75EB3}"
EndProject
Project("{FAE04EC0-301F-11D3-BF4B-00C04F79EFBC}") = "Semio", "semio\net\Semio\Semio.csproj", "{60893280-33BC-9B65-6FAA-9BC03776C16E}"
EndProject
Project("{FAE04EC0-301F-11D3-BF4B-00C04F79EFBC}") = "Semio.Benchmark", "semio\net\Semio.Benchmark\Semio.Benchmark.csproj", "{692F4D4D-A4E2-3EBA-2FA1-A732E4C01141}"
EndProject
Project("{FAE04EC0-301F-11D3-BF4B-00C04F79EFBC}") = "Semio.Tests", "semio\net\Semio.Tests\Semio.Tests.csproj", "{C1800A47-C403-5A3D-83D3-1987109BFD6D}"
EndProject
Global
	GlobalSection(SolutionConfigurationPlatforms) = preSolution
		Debug|Any CPU = Debug|Any CPU
		Release|Any CPU = Release|Any CPU
	EndGlobalSection
	GlobalSection(ProjectConfigurationPlatforms) = postSolution
		{A86B2F57-B913-28C1-F6AD-523B91A20C1A}.Debug|Any CPU.ActiveCfg = Debug|Any CPU
		{A86B2F57-B913-28C1-F6AD-523B91A20C1A}.Debug|Any CPU.Build.0 = Debug|Any CPU
		{A86B2F57-B913-28C1-F6AD-523B91A20C1A}.Release|Any CPU.ActiveCfg = Release|Any CPU
		{A86B2F57-B913-28C1-F6AD-523B91A20C1A}.Release|Any CPU.Build.0 = Release|Any CPU
		{2B99F003-D8B5-7088-E9EC-B67327B6BCB6}.Debug|Any CPU.ActiveCfg = Debug|Any CPU
		{2B99F003-D8B5-7088-E9EC-B67327B6BCB6}.Debug|Any CPU.Build.0 = Debug|Any CPU
		{2B99F003-D8B5-7088-E9EC-B67327B6BCB6}.Release|Any CPU.ActiveCfg = Release|Any CPU
		{2B99F003-D8B5-7088-E9EC-B67327B6BCB6}.Release|Any CPU.Build.0 = Release|Any CPU
		{60893280-33BC-9B65-6FAA-9BC03776C16E}.Debug|Any CPU.ActiveCfg = Debug|Any CPU
		{60893280-33BC-9B65-6FAA-9BC03776C16E}.Debug|Any CPU.Build.0 = Debug|Any CPU
		{60893280-33BC-9B65-6FAA-9BC03776C16E}.Release|Any CPU.ActiveCfg = Release|Any CPU
		{60893280-33BC-9B65-6FAA-9BC03776C16E}.Release|Any CPU.Build.0 = Release|Any CPU
		{692F4D4D-A4E2-3EBA-2FA1-A732E4C01141}.Debug|Any CPU.ActiveCfg = Debug|Any CPU
		{692F4D4D-A4E2-3EBA-2FA1-A732E4C01141}.Debug|Any CPU.Build.0 = Debug|Any CPU
		{692F4D4D-A4E2-3EBA-2FA1-A732E4C01141}.Release|Any CPU.ActiveCfg = Release|Any CPU
		{692F4D4D-A4E2-3EBA-2FA1-A732E4C01141}.Release|Any CPU.Build.0 = Release|Any CPU
		{C1800A47-C403-5A3D-83D3-1987109BFD6D}.Debug|Any CPU.ActiveCfg = Debug|Any CPU
		{C1800A47-C403-5A3D-83D3-1987109BFD6D}.Debug|Any CPU.Build.0 = Debug|Any CPU
		{C1800A47-C403-5A3D-83D3-1987109BFD6D}.Release|Any CPU.ActiveCfg = Release|Any CPU
		{C1800A47-C403-5A3D-83D3-1987109BFD6D}.Release|Any CPU.Build.0 = Release|Any CPU
	EndGlobalSection
	GlobalSection(SolutionProperties) = preSolution
		HideSolutionNode = FALSE
	EndGlobalSection
	GlobalSection(NestedProjects) = preSolution
		{68A29C68-D969-75E5-C68A-C0EAD8C3FC26} = {0DEAB020-39F9-532E-810A-46C64D072758}
		{A86B2F57-B913-28C1-F6AD-523B91A20C1A} = {68A29C68-D969-75E5-C68A-C0EAD8C3FC26}
		{2B99F003-D8B5-7088-E9EC-B67327B6BCB6} = {68A29C68-D969-75E5-C68A-C0EAD8C3FC26}
		{F068EEA4-7E6C-51C0-5D44-CEAA40C75EB3} = {0DEAB020-39F9-532E-810A-46C64D072758}
		{60893280-33BC-9B65-6FAA-9BC03776C16E} = {F068EEA4-7E6C-51C0-5D44-CEAA40C75EB3}
		{692F4D4D-A4E2-3EBA-2FA1-A732E4C01141} = {F068EEA4-7E6C-51C0-5D44-CEAA40C75EB3}
		{C1800A47-C403-5A3D-83D3-1987109BFD6D} = {F068EEA4-7E6C-51C0-5D44-CEAA40C75EB3}
	EndGlobalSection
	GlobalSection(ExtensibilityGlobals) = postSolution
		SolutionGuid = {E56C88B8-093D-4C47-8A5D-D21C0A28F934}
	EndGlobalSection
EndGlobal
