# This file is automatically @generated by Cargo.
# It is not intended for manual editing.
version = 4

[[package]]
name = "riff"
version = "2.0.0"
source = "registry+https://github.com/rust-lang/crates.io-index"
checksum = "3c601484456988d75017d86700d3743b949c21cdc7399f940c75e34680d185c5"

[[package]]
name = "riff-avi-codec"
version = "0.1.0"
dependencies = [
 "riff",
]
