# This file is automatically @generated by Cargo.
# It is not intended for manual editing.
version = 4

[[package]]
name = "semio-framework-os-kernel-3d-scene"
version = "0.1.0"
dependencies = [
 "semio-framework-os-kernel-math-algebra",
]

[[package]]
name = "semio-framework-os-kernel-math-algebra"
version = "0.1.0"
dependencies = [
 "semio-framework-os-kernel-math-number",
]

[[package]]
name = "semio-framework-os-kernel-math-number"
version = "0.1.0"
