
Microsoft Visual Studio Solution File, Format Version 12.00
# Visual Studio Version 17
VisualStudioVersion = 17.4.33213.308
MinimumVisualStudioVersion = 10.0.40219.1
Project("{FAE04EC0-301F-11D3-BF4B-00C04F79EFBC}") = "Semio.UI.Grasshopper.Tests", "Semio.UI.Grasshopper.Tests.csproj", "{6604C570-366E-47C7-9C22-F84470C23DBB}"
EndProject
Project("{9A19103F-16F7-4668-BE54-9A1E7A4F7556}") = "Semio.UI.Grasshopper", "..\..\..\..\src\uis\grasshopper\Semio.UI.Grasshopper.csproj", "{5E251A1D-1E72-4112-906C-ABEF0C81440B}"
EndProject
Global
	GlobalSection(SolutionConfigurationPlatforms) = preSolution
		Debug|Any CPU = Debug|Any CPU
		Release|Any CPU = Release|Any CPU
	EndGlobalSection
	GlobalSection(ProjectConfigurationPlatforms) = postSolution
		{6604C570-366E-47C7-9C22-F84470C23DBB}.Debug|Any CPU.ActiveCfg = Debug|Any CPU
		{6604C570-366E-47C7-9C22-F84470C23DBB}.Debug|Any CPU.Build.0 = Debug|Any CPU
		{6604C570-366E-47C7-9C22-F84470C23DBB}.Release|Any CPU.ActiveCfg = Release|Any CPU
		{6604C570-366E-47C7-9C22-F84470C23DBB}.Release|Any CPU.Build.0 = Release|Any CPU
		{5E251A1D-1E72-4112-906C-ABEF0C81440B}.Debug|Any CPU.ActiveCfg = Debug|Any CPU
		{5E251A1D-1E72-4112-906C-ABEF0C81440B}.Debug|Any CPU.Build.0 = Debug|Any CPU
		{5E251A1D-1E72-4112-906C-ABEF0C81440B}.Release|Any CPU.ActiveCfg = Release|Any CPU
		{5E251A1D-1E72-4112-906C-ABEF0C81440B}.Release|Any CPU.Build.0 = Release|Any CPU
	EndGlobalSection
	GlobalSection(SolutionProperties) = preSolution
		HideSolutionNode = FALSE
	EndGlobalSection
	GlobalSection(ExtensibilityGlobals) = postSolution
		SolutionGuid = {AD9B7F3A-CC98-4CDE-B462-FF7EBB9FC575}
	EndGlobalSection
EndGlobal
