
Microsoft Visual Studio Solution File, Format Version 12.00
# Visual Studio Version 17
VisualStudioVersion = 17.4.33213.308
MinimumVisualStudioVersion = 10.0.40219.1
Project("{9A19103F-16F7-4668-BE54-9A1E7A4F7556}") = "Semio.Gateway", "Gateway\Semio.Gateway.csproj", "{F335D676-2152-4179-A764-1599EA559326}"
EndProject
Global
	GlobalSection(SolutionConfigurationPlatforms) = preSolution
		Debug|Any CPU = Debug|Any CPU
		Release|Any CPU = Release|Any CPU
	EndGlobalSection
	GlobalSection(ProjectConfigurationPlatforms) = postSolution
		{F335D676-2152-4179-A764-1599EA559326}.Debug|Any CPU.ActiveCfg = Debug|Any CPU
		{F335D676-2152-4179-A764-1599EA559326}.Debug|Any CPU.Build.0 = Debug|Any CPU
		{F335D676-2152-4179-A764-1599EA559326}.Release|Any CPU.ActiveCfg = Release|Any CPU
		{F335D676-2152-4179-A764-1599EA559326}.Release|Any CPU.Build.0 = Release|Any CPU
	EndGlobalSection
	GlobalSection(SolutionProperties) = preSolution
		HideSolutionNode = FALSE
	EndGlobalSection
	GlobalSection(ExtensibilityGlobals) = postSolution
		SolutionGuid = {1B048E09-4DF3-4526-8DF5-1FCEDCADC3A9}
	EndGlobalSection
EndGlobal
