
Microsoft Visual Studio Solution File, Format Version 12.00
# Visual Studio Version 17
VisualStudioVersion = 17.4.33213.308
MinimumVisualStudioVersion = 10.0.40219.1
Project("{FAE04EC0-301F-11D3-BF4B-00C04F79EFBC}") = "Semio", "Semio\Semio.csproj", "{526204EB-0F57-4D98-BD4F-36E2534CFD80}"
EndProject
Global
	GlobalSection(SolutionConfigurationPlatforms) = preSolution
		Debug|Any CPU = Debug|Any CPU
		Release|Any CPU = Release|Any CPU
	EndGlobalSection
	GlobalSection(ProjectConfigurationPlatforms) = postSolution
		{526204EB-0F57-4D98-BD4F-36E2534CFD80}.Debug|Any CPU.ActiveCfg = Debug|Any CPU
		{526204EB-0F57-4D98-BD4F-36E2534CFD80}.Debug|Any CPU.Build.0 = Debug|Any CPU
		{526204EB-0F57-4D98-BD4F-36E2534CFD80}.Release|Any CPU.ActiveCfg = Release|Any CPU
		{526204EB-0F57-4D98-BD4F-36E2534CFD80}.Release|Any CPU.Build.0 = Release|Any CPU
	EndGlobalSection
	GlobalSection(SolutionProperties) = preSolution
		HideSolutionNode = FALSE
	EndGlobalSection
	GlobalSection(ExtensibilityGlobals) = postSolution
		SolutionGuid = {1B048E09-4DF3-4526-8DF5-1FCEDCADC3A9}
	EndGlobalSection
EndGlobal
