# This file is automatically @generated by Cargo.
# It is not intended for manual editing.
version = 4

[[package]]
name = "anyhow"
version = "1.0.104"
source = "registry+https://github.com/rust-lang/crates.io-index"
checksum = "330a5ed07fa54e4702c9d6c4174f74427fc0ef6e214bbd677ae50a5099946470"

[[package]]
name = "bitflags"
version = "2.13.2"
source = "registry+https://github.com/rust-lang/crates.io-index"
checksum = "3ded4057c258ba199e2d26386d3af3780957ecaee6c4ef4041c6b4b8b97c0b06"

[[package]]
name = "bumpalo"
version = "3.20.2"
source = "registry+https://github.com/rust-lang/crates.io-index"
checksum = "5d20789868f4b01b2f2caec9f5c4e0213b41e3e5702a50157d699ae31ced2fcb"

[[package]]
name = "bytemuck"
version = "1.25.0"
source = "registry+https://github.com/rust-lang/crates.io-index"
checksum = "c8efb64bd706a16a1bdde310ae86b351e4d21550d98d056f22f8a7f7a2183fec"
dependencies = [
 "bytemuck_derive",
]

[[package]]
name = "bytemuck_derive"
version = "1.10.2"
source = "registry+https://github.com/rust-lang/crates.io-index"
checksum = "f9abbd1bc6865053c427f7198e6af43bfdedc55ab791faed4fbd361d789575ff"
dependencies = [
 "proc-macro2",
 "quote",
 "syn",
]

[[package]]
name = "cfg-if"
version = "1.0.4"
source = "registry+https://github.com/rust-lang/crates.io-index"
checksum = "9330f8b2ff13f34540b44e946ef35111825727b38d33286ef986142615121801"

[[package]]
name = "equivalent"
version = "1.0.2"
source = "registry+https://github.com/rust-lang/crates.io-index"
checksum = "877a4ace8713b0bcf2a4e7eec82529c029f1d0619886d18145fea96c3ffe5c0f"

[[package]]
name = "foldhash"
version = "0.2.0"
source = "registry+https://github.com/rust-lang/crates.io-index"
checksum = "77ce24cb58228fbb8aa041425bb1050850ac19177686ea6e0f41a70416f56fdb"

[[package]]
name = "futures"
version = "0.3.32"
source = "registry+https://github.com/rust-lang/crates.io-index"
checksum = "8b147ee9d1f6d097cef9ce628cd2ee62288d963e16fb287bd9286455b241382d"
dependencies = [
 "futures-channel",
 "futures-core",
 "futures-executor",
 "futures-io",
 "futures-sink",
 "futures-task",
 "futures-util",
]

[[package]]
name = "futures-channel"
version = "0.3.32"
source = "registry+https://github.com/rust-lang/crates.io-index"
checksum = "07bbe89c50d7a535e539b8c17bc0b49bdb77747034daa8087407d655f3f7cc1d"
dependencies = [
 "futures-core",
 "futures-sink",
]

[[package]]
name = "futures-core"
version = "0.3.32"
source = "registry+https://github.com/rust-lang/crates.io-index"
checksum = "7e3450815272ef58cec6d564423f6e755e25379b217b0bc688e295ba24df6b1d"

[[package]]
name = "futures-executor"
version = "0.3.32"
source = "registry+https://github.com/rust-lang/crates.io-index"
checksum = "baf29c38818342a3b26b5b923639e7b1f4a61fc5e76102d4b1981c6dc7a7579d"
dependencies = [
 "futures-core",
 "futures-task",
 "futures-util",
]

[[package]]
name = "futures-io"
version = "0.3.32"
source = "registry+https://github.com/rust-lang/crates.io-index"
checksum = "cecba35d7ad927e23624b22ad55235f2239cfa44fd10428eecbeba6d6a717718"

[[package]]
name = "futures-macro"
version = "0.3.32"
source = "registry+https://github.com/rust-lang/crates.io-index"
checksum = "e835b70203e41293343137df5c0664546da5745f82ec9b84d40be8336958447b"
dependencies = [
 "proc-macro2",
 "quote",
 "syn",
]

[[package]]
name = "futures-sink"
version = "0.3.32"
source = "registry+https://github.com/rust-lang/crates.io-index"
checksum = "c39754e157331b013978ec91992bde1ac089843443c49cbc7f46150b0fad0893"

[[package]]
name = "futures-task"
version = "0.3.32"
source = "registry+https://github.com/rust-lang/crates.io-index"
checksum = "037711b3d59c33004d3856fbdc83b99d4ff37a24768fa1be9ce3538a1cde4393"

[[package]]
name = "futures-util"
version = "0.3.32"
source = "registry+https://github.com/rust-lang/crates.io-index"
checksum = "389ca41296e6190b48053de0321d02a77f32f8a5d2461dd38762c0593805c6d6"
dependencies = [
 "futures-channel",
 "futures-core",
 "futures-io",
 "futures-macro",
 "futures-sink",
 "futures-task",
 "memchr",
 "pin-project-lite",
 "slab",
]

[[package]]
name = "hashbrown"
version = "0.17.1"
source = "registry+https://github.com/rust-lang/crates.io-index"
checksum = "ed5909b6e89a2db4456e54cd5f673791d7eca6732202bbf2a9cc504fe2f9b84a"
dependencies = [
 "foldhash",
]

[[package]]
name = "heck"
version = "0.5.0"
source = "registry+https://github.com/rust-lang/crates.io-index"
checksum = "2304e00983f87ffb38b55b444b5e3b60a884b5d30c0fca7d82fe33449bbe55ea"

[[package]]
name = "id-arena"
version = "2.3.0"
source = "registry+https://github.com/rust-lang/crates.io-index"
checksum = "3d3067d79b975e8844ca9eb072e16b31c3c1c36928edf9c6789548c524d0d954"

[[package]]
name = "indexmap"
version = "2.14.0"
source = "registry+https://github.com/rust-lang/crates.io-index"
checksum = "d466e9454f08e4a911e14806c24e16fba1b4c121d1ea474396f396069cf949d9"
dependencies = [
 "equivalent",
 "hashbrown",
 "serde",
 "serde_core",
]

[[package]]
name = "itoa"
version = "1.0.18"
source = "registry+https://github.com/rust-lang/crates.io-index"
checksum = "8f42a60cbdf9a97f5d2305f08a87dc4e09308d1276d28c869c684d7777685682"

[[package]]
name = "js-sys"
version = "0.3.103"
source = "registry+https://github.com/rust-lang/crates.io-index"
checksum = "53b44bfcdb3f8d5837a46dae1ca9660a837176eee74a28b229bc626816589102"
dependencies = [
 "cfg-if",
 "futures-util",
 "wasm-bindgen",
]

[[package]]
name = "leb128fmt"
version = "0.1.0"
source = "registry+https://github.com/rust-lang/crates.io-index"
checksum = "09edd9e8b54e49e587e4f6295a7d29c3ea94d469cb40ab8ca70b288248a81db2"

[[package]]
name = "libc"
version = "0.2.186"
source = "registry+https://github.com/rust-lang/crates.io-index"
checksum = "68ab91017fe16c622486840e4c83c9a37afeff978bd239b5293d61ece587de66"

[[package]]
name = "log"
version = "0.4.29"
source = "registry+https://github.com/rust-lang/crates.io-index"
checksum = "5e5032e24019045c762d3c0f28f5b6b8bbf38563a65908389bf7978758920897"

[[package]]
name = "macro-string"
version = "0.2.0"
source = "registry+https://github.com/rust-lang/crates.io-index"
checksum = "59a9dbbfc75d2688ed057456ce8a3ee3f48d12eec09229f560f3643b9f275653"
dependencies = [
 "proc-macro2",
 "quote",
 "syn",
]

[[package]]
name = "memchr"
version = "2.8.0"
source = "registry+https://github.com/rust-lang/crates.io-index"
checksum = "f8ca58f447f06ed17d5fc4043ce1b10dd205e060fb3ce5b979b8ed8e59ff3f79"

[[package]]
name = "mio"
version = "1.2.1"
source = "registry+https://github.com/rust-lang/crates.io-index"
checksum = "02bd0af71c67b473010cbbc60715ee815645a4dc942899111f494b4b737d6fda"
dependencies = [
 "libc",
 "wasi",
 "windows-sys",
]

[[package]]
name = "once_cell"
version = "1.21.4"
source = "registry+https://github.com/rust-lang/crates.io-index"
checksum = "9f7c3e4beb33f85d45ae3e3a1792185706c8e16d043238c593331cc7cd313b50"

[[package]]
name = "pin-project-lite"
version = "0.2.17"
source = "registry+https://github.com/rust-lang/crates.io-index"
checksum = "a89322df9ebe1c1578d689c92318e070967d1042b512afbe49518723f4e6d5cd"

[[package]]
name = "prettyplease"
version = "0.2.37"
source = "registry+https://github.com/rust-lang/crates.io-index"
checksum = "479ca8adacdd7ce8f1fb39ce9ecccbfe93a3f1344b3d0d97f20bc0196208f62b"
dependencies = [
 "proc-macro2",
 "syn",
]

[[package]]
name = "proc-macro2"
version = "1.0.106"
source = "registry+https://github.com/rust-lang/crates.io-index"
checksum = "8fd00f0bb2e90d81d1044c2b32617f68fcb9fa3bb7640c23e9c748e53fb30934"
dependencies = [
 "unicode-ident",
]

[[package]]
name = "quote"
version = "1.0.45"
source = "registry+https://github.com/rust-lang/crates.io-index"
checksum = "41f2619966050689382d2b44f664f4bc593e129785a36d6ee376ddf37259b924"
dependencies = [
 "proc-macro2",
]

[[package]]
name = "rustversion"
version = "1.0.22"
source = "registry+https://github.com/rust-lang/crates.io-index"
checksum = "b39cdef0fa800fc44525c84ccb54a029961a8215f9619753635a9c0d2538d46d"

[[package]]
name = "semio-framework"
version = "0.1.0"
dependencies = [
 "semio-framework-actor",
 "semio-framework-artifact-reference",
 "semio-framework-diagnostic",
 "semio-framework-dsl",
 "semio-framework-hash",
 "semio-framework-io-base64",
 "semio-framework-io-schema",
 "semio-framework-io-sqlite-snapshot",
 "semio-framework-job",
 "semio-framework-mesh-engine",
 "semio-framework-pack-json",
 "semio-framework-replication",
 "semio-framework-schema",
 "semio-framework-schema-registry",
 "semio-framework-tool-run",
 "semio-framework-trace",
 "semio-framework-ui",
 "semio-framework-ui-contract",
 "semio-framework-ui-locale",
 "semio-framework-value",
 "semio-framework-value-derive",
 "serde",
 "serde_json",
]

[[package]]
name = "semio-framework-2d"
version = "0.1.0"
dependencies = [
 "semio-framework-hash",
 "semio-framework-value",
 "semio-framework-value-derive",
]

[[package]]
name = "semio-framework-actor"
version = "0.1.0"
dependencies = [
 "semio-framework-async",
 "semio-framework-job",
 "semio-framework-replication",
 "semio-framework-value",
 "semio-framework-value-derive",
 "serde",
 "wasm-bindgen",
]

[[package]]
name = "semio-framework-artifact-reference"
version = "0.1.0"
dependencies = [
 "semio-framework-dsl-record",
 "semio-framework-schema-registry",
 "semio-framework-value",
]

[[package]]
name = "semio-framework-async"
version = "0.1.0"
dependencies = [
 "js-sys",
 "semio-framework-trace",
 "wasm-bindgen",
]

[[package]]
name = "semio-framework-async-macros"
version = "0.1.0"
dependencies = [
 "proc-macro2",
 "quote",
 "syn",
]

[[package]]
name = "semio-framework-deflate"
version = "0.1.0"
dependencies = [
 "semio-framework-value",
]

[[package]]
name = "semio-framework-diagnostic"
version = "0.1.0"
dependencies = [
 "semio-framework-value",
 "serde",
 "serde_json",
]

[[package]]
name = "semio-framework-dispatch-macros"
version = "0.1.0"
dependencies = [
 "proc-macro2",
 "quote",
 "syn",
]

[[package]]
name = "semio-framework-dsl"
version = "0.1.0"
dependencies = [
 "semio-framework-diagnostic",
 "semio-framework-value",
]

[[package]]
name = "semio-framework-dsl-record"
version = "0.1.0"
dependencies = [
 "semio-framework-diagnostic",
 "semio-framework-dsl",
 "semio-framework-pack-json",
 "semio-framework-value",
]

[[package]]
name = "semio-framework-dsl-record-derive"
version = "0.1.0"
dependencies = [
 "proc-macro2",
 "quote",
 "syn",
]

[[package]]
name = "semio-framework-geometry"
version = "0.1.0"

[[package]]
name = "semio-framework-graph"
version = "0.1.0"
dependencies = [
 "semio-framework-diagnostic",
 "semio-framework-dsl",
 "semio-framework-dsl-record",
 "semio-framework-geometry",
 "semio-framework-pack-json",
 "semio-framework-replication",
 "semio-framework-ui-contract",
 "semio-framework-ui-locale",
 "semio-framework-value",
 "semio-framework-value-derive",
]

[[package]]
name = "semio-framework-hash"
version = "0.1.0"

[[package]]
name = "semio-framework-io-base64"
version = "0.1.0"

[[package]]
name = "semio-framework-io-schema"
version = "0.1.0"
dependencies = [
 "semio-framework-artifact-reference",
 "semio-framework-diagnostic",
 "semio-framework-dsl-record",
 "semio-framework-schema-registry",
 "semio-framework-value",
 "semio-framework-value-derive",
]

[[package]]
name = "semio-framework-io-sqlite-snapshot"
version = "0.1.0"
dependencies = [
 "semio-framework-value",
]

[[package]]
name = "semio-framework-job"
version = "0.1.0"
dependencies = [
 "semio-framework-async",
 "semio-framework-trace",
]

[[package]]
name = "semio-framework-machine"
version = "0.1.0"
dependencies = [
 "js-sys",
 "semio-framework-dispatch-macros",
 "semio-framework-machine-derive",
 "serde",
 "serde_json",
 "wasm-bindgen",
]

[[package]]
name = "semio-framework-machine-derive"
version = "0.1.0"
dependencies = [
 "proc-macro2",
 "quote",
 "syn",
]

[[package]]
name = "semio-framework-mesh-engine"
version = "0.1.0"
dependencies = [
 "semio-framework-dsl-record",
 "semio-framework-io-base64",
 "semio-framework-pack",
 "semio-framework-pack-json",
 "semio-framework-value-derive",
]

[[package]]
name = "semio-framework-os-kernel"
version = "0.1.0"
dependencies = [
 "futures",
 "js-sys",
 "semio-framework-artifact-reference",
 "semio-framework-async",
 "semio-framework-deflate",
 "semio-framework-diagnostic",
 "semio-framework-dsl",
 "semio-framework-dsl-record",
 "semio-framework-dsl-record-derive",
 "semio-framework-hash",
 "semio-framework-io-base64",
 "semio-framework-io-schema",
 "semio-framework-io-sqlite-snapshot",
 "semio-framework-job",
 "semio-framework-os-kernel-dsl-derive",
 "semio-framework-pack",
 "semio-framework-pack-json",
 "semio-framework-replication",
 "semio-framework-schema-composition",
 "semio-framework-schema-registry",
 "semio-framework-schema-state",
 "semio-framework-schema-validator",
 "semio-framework-trace",
 "semio-framework-ui-locale",
 "semio-framework-ui-viewport",
 "semio-framework-value",
 "semio-framework-value-derive",
 "serde",
 "serde_json",
 "tokio",
 "wasm-bindgen",
 "web-sys",
]

[[package]]
name = "semio-framework-os-kernel-dsl-derive"
version = "0.1.0"
dependencies = [
 "proc-macro2",
 "quote",
 "semio-framework-hash",
 "semio-framework-schema-state",
 "semio-framework-ui-locale",
 "semio-framework-value",
 "serde_json",
 "syn",
]

[[package]]
name = "semio-framework-pack"
version = "0.1.0"
dependencies = [
 "semio-framework-async",
 "semio-framework-diagnostic",
 "semio-framework-dsl-record",
 "semio-framework-hash",
 "semio-framework-pack-error",
 "semio-framework-pack-json",
 "semio-framework-replication",
 "semio-framework-value",
]

[[package]]
name = "semio-framework-pack-error"
version = "0.1.0"
dependencies = [
 "semio-framework-diagnostic",
 "semio-framework-value",
]

[[package]]
name = "semio-framework-pack-json"
version = "0.1.0"
dependencies = [
 "semio-framework-value",
]

[[package]]
name = "semio-framework-plugin"
version = "0.1.0"
dependencies = [
 "semio-framework",
 "semio-framework-2d",
 "semio-framework-artifact-reference",
 "semio-framework-async",
 "semio-framework-diagnostic",
 "semio-framework-dispatch-macros",
 "semio-framework-dsl",
 "semio-framework-dsl-record",
 "semio-framework-dsl-record-derive",
 "semio-framework-hash",
 "semio-framework-io-base64",
 "semio-framework-job",
 "semio-framework-os-kernel",
 "semio-framework-pack-json",
 "semio-framework-replication",
 "semio-framework-schema",
 "semio-framework-schema-composition",
 "semio-framework-schema-registry",
 "semio-framework-schema-state",
 "semio-framework-time-travel",
 "semio-framework-tool-machine",
 "semio-framework-tool-run",
 "semio-framework-trace",
 "semio-framework-ui",
 "semio-framework-ui-contract",
 "semio-framework-ui-locale",
 "semio-framework-ui-runtime",
 "semio-framework-ui-scene",
 "semio-framework-value",
 "semio-framework-value-derive",
 "serde",
 "serde_json",
 "wit-bindgen",
]

[[package]]
name = "semio-framework-replication"
version = "0.1.0"
dependencies = [
 "semio-framework-deflate",
 "semio-framework-diagnostic",
 "semio-framework-hash",
 "semio-framework-io-base64",
 "semio-framework-pack-error",
 "semio-framework-schema-registry",
 "semio-framework-schema-state",
 "semio-framework-trace",
 "semio-framework-value",
 "semio-framework-value-derive",
 "serde",
 "serde_json",
 "wasm-bindgen",
]

[[package]]
name = "semio-framework-schema"
version = "0.1.0"
dependencies = [
 "semio-framework-async",
 "semio-framework-pack",
 "semio-framework-pack-json",
 "semio-framework-schema-composition",
 "semio-framework-schema-derive",
 "semio-framework-schema-registry",
 "semio-framework-schema-state",
 "semio-framework-schema-validator",
 "semio-framework-value",
]

[[package]]
name = "semio-framework-schema-composition"
version = "0.1.0"

[[package]]
name = "semio-framework-schema-derive"
version = "0.1.0"
dependencies = [
 "proc-macro2",
 "quote",
 "semio-framework-schema-composition",
 "semio-framework-schema-state",
 "syn",
]

[[package]]
name = "semio-framework-schema-registry"
version = "0.1.0"

[[package]]
name = "semio-framework-schema-state"
version = "0.1.0"
dependencies = [
 "semio-framework-value",
]

[[package]]
name = "semio-framework-schema-validator"
version = "0.1.0"
dependencies = [
 "semio-framework-pack",
 "semio-framework-pack-json",
 "semio-framework-value",
]

[[package]]
name = "semio-framework-test-mutation-inventory"
version = "0.1.0"
dependencies = [
 "semio-framework-replication",
]

[[package]]
name = "semio-framework-time-travel"
version = "0.1.0"
dependencies = [
 "semio-framework-diagnostic",
 "semio-framework-replication",
 "semio-framework-value",
 "semio-framework-value-derive",
]

[[package]]
name = "semio-framework-tool-machine"
version = "0.1.0"
dependencies = [
 "semio-framework-job",
 "semio-framework-machine",
 "semio-framework-replication",
]

[[package]]
name = "semio-framework-tool-run"
version = "0.1.0"
dependencies = [
 "semio-framework-dsl-record",
 "semio-framework-pack",
 "semio-framework-ui",
 "semio-framework-ui-locale",
 "semio-framework-value",
 "serde",
]

[[package]]
name = "semio-framework-trace"
version = "0.1.0"

[[package]]
name = "semio-framework-ui"
version = "0.1.0"
dependencies = [
 "bytemuck",
 "semio-framework-job",
 "semio-framework-ui-contract",
 "semio-framework-ui-locale",
 "semio-framework-ui-scene",
 "semio-framework-ui-styling",
 "semio-framework-value",
 "semio-framework-value-derive",
 "serde",
 "serde_json",
]

[[package]]
name = "semio-framework-ui-contract"
version = "0.1.0"
dependencies = [
 "semio-framework-replication",
 "semio-framework-schema-registry",
 "semio-framework-ui-styling",
 "semio-framework-value",
 "semio-framework-value-derive",
 "serde",
]

[[package]]
name = "semio-framework-ui-locale"
version = "0.1.0"
dependencies = [
 "semio-framework-value",
 "semio-framework-value-derive",
 "serde",
]

[[package]]
name = "semio-framework-ui-runtime"
version = "0.1.0"
dependencies = [
 "semio-framework-job",
 "semio-framework-ui-contract",
]

[[package]]
name = "semio-framework-ui-scene"
version = "0.1.0"
dependencies = [
 "semio-framework-geometry",
 "semio-framework-pack-json",
 "semio-framework-replication",
 "semio-framework-ui-contract",
 "semio-framework-ui-viewport",
 "serde",
]

[[package]]
name = "semio-framework-ui-styling"
version = "0.1.0"

[[package]]
name = "semio-framework-ui-viewport"
version = "0.1.0"
dependencies = [
 "semio-framework-dsl-record",
 "semio-framework-value",
 "serde",
]

[[package]]
name = "semio-framework-value"
version = "0.1.0"
dependencies = [
 "semio-framework-io-base64",
 "semio-framework-value-derive",
 "serde",
 "serde_json",
]

[[package]]
name = "semio-framework-value-derive"
version = "0.1.0"
dependencies = [
 "proc-macro2",
 "quote",
 "semio-framework-hash",
 "syn",
]

[[package]]
name = "semio-s-artifact-wfc-bitmap"
version = "0.1.0"
dependencies = [
 "semio-framework",
 "semio-framework-2d",
 "semio-framework-artifact-reference",
 "semio-framework-async",
 "semio-framework-async-macros",
 "semio-framework-diagnostic",
 "semio-framework-dsl",
 "semio-framework-dsl-record",
 "semio-framework-dsl-record-derive",
 "semio-framework-job",
 "semio-framework-machine",
 "semio-framework-os-kernel",
 "semio-framework-pack",
 "semio-framework-pack-json",
 "semio-framework-plugin",
 "semio-framework-schema",
 "semio-framework-schema-composition",
 "semio-framework-schema-registry",
 "semio-framework-schema-state",
 "semio-framework-test-mutation-inventory",
 "semio-framework-tool-machine",
 "semio-framework-tool-run",
 "semio-framework-ui-contract",
 "semio-framework-ui-locale",
 "semio-framework-value",
 "semio-framework-value-derive",
 "semio-s-plugin-wfc-engine",
 "serde",
 "serde_json",
]

[[package]]
name = "semio-s-plugin-wfc-engine"
version = "0.1.0"
dependencies = [
 "semio-framework-dispatch-macros",
 "semio-framework-geometry",
 "semio-framework-graph",
 "semio-framework-job",
 "semio-framework-os-kernel",
 "semio-framework-pack-json",
 "semio-framework-value",
 "semio-framework-value-derive",
]

[[package]]
name = "semver"
version = "1.0.28"
source = "registry+https://github.com/rust-lang/crates.io-index"
checksum = "8a7852d02fc848982e0c167ef163aaff9cd91dc640ba85e263cb1ce46fae51cd"

[[package]]
name = "serde"
version = "1.0.228"
source = "registry+https://github.com/rust-lang/crates.io-index"
checksum = "9a8e94ea7f378bd32cbbd37198a4a91436180c5bb472411e48b5ec2e2124ae9e"
dependencies = [
 "serde_core",
 "serde_derive",
]

[[package]]
name = "serde_core"
version = "1.0.228"
source = "registry+https://github.com/rust-lang/crates.io-index"
checksum = "41d385c7d4ca58e59fc732af25c3983b67ac852c1a25000afe1175de458b67ad"
dependencies = [
 "serde_derive",
]

[[package]]
name = "serde_derive"
version = "1.0.228"
source = "registry+https://github.com/rust-lang/crates.io-index"
checksum = "d540f220d3187173da220f885ab66608367b6574e925011a9353e4badda91d79"
dependencies = [
 "proc-macro2",
 "quote",
 "syn",
]

[[package]]
name = "serde_json"
version = "1.0.149"
source = "registry+https://github.com/rust-lang/crates.io-index"
checksum = "83fc039473c5595ace860d8c4fafa220ff474b3fc6bfdb4293327f1a37e94d86"
dependencies = [
 "itoa",
 "memchr",
 "serde",
 "serde_core",
 "zmij",
]

[[package]]
name = "slab"
version = "0.4.12"
source = "registry+https://github.com/rust-lang/crates.io-index"
checksum = "0c790de23124f9ab44544d7ac05d60440adc586479ce501c1d6d7da3cd8c9cf5"

[[package]]
name = "socket2"
version = "0.6.4"
source = "registry+https://github.com/rust-lang/crates.io-index"
checksum = "52d1cfed4120b4d927bf7c0f86d2087a4a7d6027c906d9f9d525a80573b9be51"
dependencies = [
 "libc",
 "windows-sys",
]

[[package]]
name = "syn"
version = "2.0.117"
source = "registry+https://github.com/rust-lang/crates.io-index"
checksum = "e665b8803e7b1d2a727f4023456bbbbe74da67099c585258af0ad9c5013b9b99"
dependencies = [
 "proc-macro2",
 "quote",
 "unicode-ident",
]

[[package]]
name = "tokio"
version = "1.52.3"
source = "registry+https://github.com/rust-lang/crates.io-index"
checksum = "8fc7f01b389ac15039e4dc9531aa973a135d7a4135281b12d7c1bc79fd57fffe"
dependencies = [
 "libc",
 "mio",
 "pin-project-lite",
 "socket2",
 "tokio-macros",
 "windows-sys",
]

[[package]]
name = "tokio-macros"
version = "2.7.0"
source = "registry+https://github.com/rust-lang/crates.io-index"
checksum = "385a6cb71ab9ab790c5fe8d67f1645e6c450a7ce006a33de03daa956cf70a496"
dependencies = [
 "proc-macro2",
 "quote",
 "syn",
]

[[package]]
name = "unicode-ident"
version = "1.0.24"
source = "registry+https://github.com/rust-lang/crates.io-index"
checksum = "e6e4313cd5fcd3dad5cafa179702e2b244f760991f45397d14d4ebf38247da75"

[[package]]
name = "unicode-xid"
version = "0.2.6"
source = "registry+https://github.com/rust-lang/crates.io-index"
checksum = "ebc1c04c71510c7f702b52b7c350734c9ff1295c464a03335b00bb84fc54f853"

[[package]]
name = "wasi"
version = "0.11.1+wasi-snapshot-preview1"
source = "registry+https://github.com/rust-lang/crates.io-index"
checksum = "ccf3ec651a847eb01de73ccad15eb7d99f80485de043efb2f370cd654f4ea44b"

[[package]]
name = "wasm-bindgen"
version = "0.2.126"
source = "registry+https://github.com/rust-lang/crates.io-index"
checksum = "4b067c0c11094aef6b7a801c1e34a26affafdf3d051dba08456b868789aaf9a4"
dependencies = [
 "cfg-if",
 "once_cell",
 "rustversion",
 "wasm-bindgen-macro",
 "wasm-bindgen-shared",
]

[[package]]
name = "wasm-bindgen-macro"
version = "0.2.126"
source = "registry+https://github.com/rust-lang/crates.io-index"
checksum = "167ce5e579f6bcf889c4f7175a8a5a585de84e8ff93976ce393efa5f2837aab1"
dependencies = [
 "quote",
 "wasm-bindgen-macro-support",
]

[[package]]
name = "wasm-bindgen-macro-support"
version = "0.2.126"
source = "registry+https://github.com/rust-lang/crates.io-index"
checksum = "f3997c7839262f4ef12cf90b818d6340c18e80f263f1a94bf157d0ec4420380e"
dependencies = [
 "bumpalo",
 "proc-macro2",
 "quote",
 "syn",
 "wasm-bindgen-shared",
]

[[package]]
name = "wasm-bindgen-shared"
version = "0.2.126"
source = "registry+https://github.com/rust-lang/crates.io-index"
checksum = "dc1b4cb0cc549fcf58d7dfc081778139b3d283a081644e833e84682ad71cea24"
dependencies = [
 "unicode-ident",
]

[[package]]
name = "wasm-encoder"
version = "0.247.0"
source = "registry+https://github.com/rust-lang/crates.io-index"
checksum = "30b6733b8b91d010a6ac5b0fb237dc46a19650bc4c67db66857e2e787d437204"
dependencies = [
 "leb128fmt",
 "wasmparser",
]

[[package]]
name = "wasm-metadata"
version = "0.247.0"
source = "registry+https://github.com/rust-lang/crates.io-index"
checksum = "665fe59e56cc9b419ca6fcca56673e3421d1a5011e3b65caf6b726fd9e041d10"
dependencies = [
 "anyhow",
 "indexmap",
 "wasm-encoder",
 "wasmparser",
]

[[package]]
name = "wasmparser"
version = "0.247.0"
source = "registry+https://github.com/rust-lang/crates.io-index"
checksum = "8e6fb4c2bee46c5ea4d40f8cdb5c131725cd976718ec56f1c8e82fbde5fa2a80"
dependencies = [
 "bitflags",
 "hashbrown",
 "indexmap",
 "semver",
]

[[package]]
name = "web-sys"
version = "0.3.103"
source = "registry+https://github.com/rust-lang/crates.io-index"
checksum = "8622dcb61c0bcc9fffa6938bed81210af2da9a7e4a1a834b2e37a59b6dfb6141"
dependencies = [
 "js-sys",
 "wasm-bindgen",
]

[[package]]
name = "windows-link"
version = "0.2.1"
source = "registry+https://github.com/rust-lang/crates.io-index"
checksum = "f0805222e57f7521d6a62e36fa9163bc891acd422f971defe97d64e70d0a4fe5"

[[package]]
name = "windows-sys"
version = "0.61.2"
source = "registry+https://github.com/rust-lang/crates.io-index"
checksum = "ae137229bcbd6cdf0f7b80a31df61766145077ddf49416a728b02cb3921ff3fc"
dependencies = [
 "windows-link",
]

[[package]]
name = "wit-bindgen"
version = "0.57.1"
source = "registry+https://github.com/rust-lang/crates.io-index"
checksum = "1ebf944e87a7c253233ad6766e082e3cd714b5d03812acc24c318f549614536e"
dependencies = [
 "wit-bindgen-rust-macro",
]

[[package]]
name = "wit-bindgen-core"
version = "0.57.1"
source = "registry+https://github.com/rust-lang/crates.io-index"
checksum = "02dee27a2dc20d1008016c742ec9fc6ea498492994ba3750be7454cbc97ff04c"
dependencies = [
 "anyhow",
 "heck",
 "wit-parser",
]

[[package]]
name = "wit-bindgen-rust"
version = "0.57.1"
source = "registry+https://github.com/rust-lang/crates.io-index"
checksum = "b5007dae772945b7a5003d69d90a3a4a78929d41f19d004e980c4259a6af4484"
dependencies = [
 "anyhow",
 "heck",
 "indexmap",
 "prettyplease",
 "syn",
 "wasm-metadata",
 "wit-bindgen-core",
 "wit-component",
]

[[package]]
name = "wit-bindgen-rust-macro"
version = "0.57.1"
source = "registry+https://github.com/rust-lang/crates.io-index"
checksum = "af9237d678e3513ad24e96fe98beacdc0db6405284ba2a2400418cf0d42caa89"
dependencies = [
 "anyhow",
 "macro-string",
 "prettyplease",
 "proc-macro2",
 "quote",
 "syn",
 "wit-bindgen-core",
 "wit-bindgen-rust",
]

[[package]]
name = "wit-component"
version = "0.247.0"
source = "registry+https://github.com/rust-lang/crates.io-index"
checksum = "9d567162a6b9843080e5e0053f696623ff694bae8ae017c9ec536d1873bbe3d8"
dependencies = [
 "anyhow",
 "bitflags",
 "indexmap",
 "log",
 "serde",
 "serde_derive",
 "serde_json",
 "wasm-encoder",
 "wasm-metadata",
 "wasmparser",
 "wit-parser",
]

[[package]]
name = "wit-parser"
version = "0.247.0"
source = "registry+https://github.com/rust-lang/crates.io-index"
checksum = "8ffe4064318cdf3c08cb99343b44c039fcefe61ccdf58aa9975285f13d74d1fc"
dependencies = [
 "anyhow",
 "hashbrown",
 "id-arena",
 "indexmap",
 "log",
 "semver",
 "serde",
 "serde_derive",
 "serde_json",
 "unicode-xid",
 "wasmparser",
]

[[package]]
name = "zmij"
version = "1.0.21"
source = "registry+https://github.com/rust-lang/crates.io-index"
checksum = "b8848ee67ecc8aedbaf3e4122217aff892639231befc6a1b58d29fff4c2cabaa"
