github.com/mattn/go-sqlite3 v1.14.33 h1:A5blZ5ulQo2AtayQ9/limgHEkFreKj1Dv226a1K73s0=
github.com/mattn/go-sqlite3 v1.14.33/go.mod h1:Uh1q+B4BYcTPb+yiD3kU8Ct7aC0hY9fxUwlHK0RXw+Y=
github.com/qmuntal/gltf v0.28.0 h1:C4A1temWMPtcI2+qNfpfRq8FEJxoBGUN3ZZM8BCc+xU=
github.com/qmuntal/gltf v0.28.0/go.mod h1:YoXZOt0Nc0kIfSKOLZIRoV4FycdC+GzE+3JgiAGYoMs=
gonum.org/v1/gonum v0.17.0 h1:VbpOemQlsSMrYmn7T2OUvQ4dqxQXU+ouZFQsZOx50z4=
gonum.org/v1/gonum v0.17.0/go.mod h1:El3tOrEuMpv2UdMrbNlKEh9vd86bmQ6vqIcDwxEOc1E=
